
Microsoft Visual Studio Solution File, Format Version 12.00
# Visual Studio 15
VisualStudioVersion = 15.0.26124.0
MinimumVisualStudioVersion = 15.0.26124.0
Project("{FAE04EC0-301F-11D3-BF4B-00C04F79EFBC}") = "Domain", "Domain\Domain.csproj", "{92E18478-4720-401E-91F3-8E53008A43BF}"
EndProject
Project("{FAE04EC0-301F-11D3-BF4B-00C04F79EFBC}") = "Application", "Application\Application.csproj", "{8C61D095-7F78-4FB9-8485-602C0F92BDA2}"
EndProject
Project("{FAE04EC0-301F-11D3-BF4B-00C04F79EFBC}") = "Persistance", "Persistance\Persistance.csproj", "{B0EF9F7B-357E-4011-A35C-80F8A0DB9C75}"
EndProject
Project("{FAE04EC0-301F-11D3-BF4B-00C04F79EFBC}") = "API", "API\API.csproj", "{FE3340AE-6FDB-4C55-973C-CA4437874963}"
EndProject
Global
	GlobalSection(SolutionConfigurationPlatforms) = preSolution
		Debug|Any CPU = Debug|Any CPU
		Debug|x64 = Debug|x64
		Debug|x86 = Debug|x86
		Release|Any CPU = Release|Any CPU
		Release|x64 = Release|x64
		Release|x86 = Release|x86
	EndGlobalSection
	GlobalSection(SolutionProperties) = preSolution
		HideSolutionNode = FALSE
	EndGlobalSection
	GlobalSection(ProjectConfigurationPlatforms) = postSolution
		{92E18478-4720-401E-91F3-8E53008A43BF}.Debug|Any CPU.ActiveCfg = Debug|Any CPU
		{92E18478-4720-401E-91F3-8E53008A43BF}.Debug|Any CPU.Build.0 = Debug|Any CPU
		{92E18478-4720-401E-91F3-8E53008A43BF}.Debug|x64.ActiveCfg = Debug|Any CPU
		{92E18478-4720-401E-91F3-8E53008A43BF}.Debug|x64.Build.0 = Debug|Any CPU
		{92E18478-4720-401E-91F3-8E53008A43BF}.Debug|x86.ActiveCfg = Debug|Any CPU
		{92E18478-4720-401E-91F3-8E53008A43BF}.Debug|x86.Build.0 = Debug|Any CPU
		{92E18478-4720-401E-91F3-8E53008A43BF}.Release|Any CPU.ActiveCfg = Release|Any CPU
		{92E18478-4720-401E-91F3-8E53008A43BF}.Release|Any CPU.Build.0 = Release|Any CPU
		{92E18478-4720-401E-91F3-8E53008A43BF}.Release|x64.ActiveCfg = Release|Any CPU
		{92E18478-4720-401E-91F3-8E53008A43BF}.Release|x64.Build.0 = Release|Any CPU
		{92E18478-4720-401E-91F3-8E53008A43BF}.Release|x86.ActiveCfg = Release|Any CPU
		{92E18478-4720-401E-91F3-8E53008A43BF}.Release|x86.Build.0 = Release|Any CPU
		{8C61D095-7F78-4FB9-8485-602C0F92BDA2}.Debug|Any CPU.ActiveCfg = Debug|Any CPU
		{8C61D095-7F78-4FB9-8485-602C0F92BDA2}.Debug|Any CPU.Build.0 = Debug|Any CPU
		{8C61D095-7F78-4FB9-8485-602C0F92BDA2}.Debug|x64.ActiveCfg = Debug|Any CPU
		{8C61D095-7F78-4FB9-8485-602C0F92BDA2}.Debug|x64.Build.0 = Debug|Any CPU
		{8C61D095-7F78-4FB9-8485-602C0F92BDA2}.Debug|x86.ActiveCfg = Debug|Any CPU
		{8C61D095-7F78-4FB9-8485-602C0F92BDA2}.Debug|x86.Build.0 = Debug|Any CPU
		{8C61D095-7F78-4FB9-8485-602C0F92BDA2}.Release|Any CPU.ActiveCfg = Release|Any CPU
		{8C61D095-7F78-4FB9-8485-602C0F92BDA2}.Release|Any CPU.Build.0 = Release|Any CPU
		{8C61D095-7F78-4FB9-8485-602C0F92BDA2}.Release|x64.ActiveCfg = Release|Any CPU
		{8C61D095-7F78-4FB9-8485-602C0F92BDA2}.Release|x64.Build.0 = Release|Any CPU
		{8C61D095-7F78-4FB9-8485-602C0F92BDA2}.Release|x86.ActiveCfg = Release|Any CPU
		{8C61D095-7F78-4FB9-8485-602C0F92BDA2}.Release|x86.Build.0 = Release|Any CPU
		{B0EF9F7B-357E-4011-A35C-80F8A0DB9C75}.Debug|Any CPU.ActiveCfg = Debug|Any CPU
		{B0EF9F7B-357E-4011-A35C-80F8A0DB9C75}.Debug|Any CPU.Build.0 = Debug|Any CPU
		{B0EF9F7B-357E-4011-A35C-80F8A0DB9C75}.Debug|x64.ActiveCfg = Debug|Any CPU
		{B0EF9F7B-357E-4011-A35C-80F8A0DB9C75}.Debug|x64.Build.0 = Debug|Any CPU
		{B0EF9F7B-357E-4011-A35C-80F8A0DB9C75}.Debug|x86.ActiveCfg = Debug|Any CPU
		{B0EF9F7B-357E-4011-A35C-80F8A0DB9C75}.Debug|x86.Build.0 = Debug|Any CPU
		{B0EF9F7B-357E-4011-A35C-80F8A0DB9C75}.Release|Any CPU.ActiveCfg = Release|Any CPU
		{B0EF9F7B-357E-4011-A35C-80F8A0DB9C75}.Release|Any CPU.Build.0 = Release|Any CPU
		{B0EF9F7B-357E-4011-A35C-80F8A0DB9C75}.Release|x64.ActiveCfg = Release|Any CPU
		{B0EF9F7B-357E-4011-A35C-80F8A0DB9C75}.Release|x64.Build.0 = Release|Any CPU
		{B0EF9F7B-357E-4011-A35C-80F8A0DB9C75}.Release|x86.ActiveCfg = Release|Any CPU
		{B0EF9F7B-357E-4011-A35C-80F8A0DB9C75}.Release|x86.Build.0 = Release|Any CPU
		{FE3340AE-6FDB-4C55-973C-CA4437874963}.Debug|Any CPU.ActiveCfg = Debug|Any CPU
		{FE3340AE-6FDB-4C55-973C-CA4437874963}.Debug|Any CPU.Build.0 = Debug|Any CPU
		{FE3340AE-6FDB-4C55-973C-CA4437874963}.Debug|x64.ActiveCfg = Debug|Any CPU
		{FE3340AE-6FDB-4C55-973C-CA4437874963}.Debug|x64.Build.0 = Debug|Any CPU
		{FE3340AE-6FDB-4C55-973C-CA4437874963}.Debug|x86.ActiveCfg = Debug|Any CPU
		{FE3340AE-6FDB-4C55-973C-CA4437874963}.Debug|x86.Build.0 = Debug|Any CPU
		{FE3340AE-6FDB-4C55-973C-CA4437874963}.Release|Any CPU.ActiveCfg = Release|Any CPU
		{FE3340AE-6FDB-4C55-973C-CA4437874963}.Release|Any CPU.Build.0 = Release|Any CPU
		{FE3340AE-6FDB-4C55-973C-CA4437874963}.Release|x64.ActiveCfg = Release|Any CPU
		{FE3340AE-6FDB-4C55-973C-CA4437874963}.Release|x64.Build.0 = Release|Any CPU
		{FE3340AE-6FDB-4C55-973C-CA4437874963}.Release|x86.ActiveCfg = Release|Any CPU
		{FE3340AE-6FDB-4C55-973C-CA4437874963}.Release|x86.Build.0 = Release|Any CPU
	EndGlobalSection
EndGlobal
